// !$*UTF8*$!
{
	archiveVersion = 1;
	classes = {
	};
	objectVersion = 77;
	objects = {

/* Begin PBXBuildFile section */
		0B1653542EC170840010E409 /* SoundManager.swift in Sources */ = {isa = PBXBuildFile; fileRef = 0B1653532EC170840010E409 /* SoundManager.swift */; };
		0B1653562EC170AD0010E409 /* SoundSettingsView.swift in Sources */ = {isa = PBXBuildFile; fileRef = 0B1653552EC170AD0010E409 /* SoundSettingsView.swift */; };
		0B16535A2EC170EB0010E409 /* generate_sounds.sh in Resources */ = {isa = PBXBuildFile; fileRef = 0B1653592EC170EB0010E409 /* generate_sounds.sh */; };
		0B16535E2EC171210010E409 /* SoundQuickReference.swift in Sources */ = {isa = PBXBuildFile; fileRef = 0B16535D2EC171210010E409 /* SoundQuickReference.swift */; };
		0BFEDBF52ECA727F008154E4 /* GameBoard.swift in Sources */ = {isa = PBXBuildFile; fileRef = 0BFEDBF42ECA727F008154E4 /* GameBoard.swift */; };
		0BFEDBF72ECA728D008154E4 /* GridLayout.swift in Sources */ = {isa = PBXBuildFile; fileRef = 0BFEDBF62ECA728D008154E4 /* GridLayout.swift */; };
		0BFEDBF92ECA729C008154E4 /* GridRenderer.swift in Sources */ = {isa = PBXBuildFile; fileRef = 0BFEDBF82ECA729C008154E4 /* GridRenderer.swift */; };
		0BFEDBFB2ECA72AC008154E4 /* MarkRenderer.swift in Sources */ = {isa = PBXBuildFile; fileRef = 0BFEDBFA2ECA72AC008154E4 /* MarkRenderer.swift */; };
		0BFEDBFD2ECA72C7008154E4 /* WinningLineAnimator.swift in Sources */ = {isa = PBXBuildFile; fileRef = 0BFEDBFC2ECA72C7008154E4 /* WinningLineAnimator.swift */; };
		0BFEDC1B2ECA976E008154E4 /* GameBoardTests.swift in Sources */ = {isa = PBXBuildFile; fileRef = 0BFEDBFE2ECA72E2008154E4 /* GameBoardTests.swift */; };
/* End PBXBuildFile section */

/* Begin PBXContainerItemProxy section */
		0BFEDC142ECA9755008154E4 /* PBXContainerItemProxy */ = {
			isa = PBXContainerItemProxy;
			containerPortal = 0BB1DF9B2EB7C92A00B5F7ED /* Project object */;
			proxyType = 1;
			remoteGlobalIDString = 0BB1DFA72EB7C92C00B5F7ED;
			remoteInfo = "tictactoe iOS";
		};
/* End PBXContainerItemProxy section */

/* Begin PBXFileReference section */
		0B1653532EC170840010E409 /* SoundManager.swift */ = {isa = PBXFileReference; lastKnownFileType = sourcecode.swift; path = SoundManager.swift; sourceTree = "<group>"; };
		0B1653552EC170AD0010E409 /* SoundSettingsView.swift */ = {isa = PBXFileReference; lastKnownFileType = sourcecode.swift; path = SoundSettingsView.swift; sourceTree = "<group>"; };
		0B1653592EC170EB0010E409 /* generate_sounds.sh */ = {isa = PBXFileReference; lastKnownFileType = text.script.sh; path = generate_sounds.sh; sourceTree = "<group>"; };
		0B16535D2EC171210010E409 /* SoundQuickReference.swift */ = {isa = PBXFileReference; lastKnownFileType = sourcecode.swift; path = SoundQuickReference.swift; sourceTree = "<group>"; };
		0BB1DFA82EB7C92C00B5F7ED /* tictactoe.app */ = {isa = PBXFileReference; explicitFileType = wrapper.application; includeInIndex = 0; path = tictactoe.app; sourceTree = BUILT_PRODUCTS_DIR; };
		0BFEDBF42ECA727F008154E4 /* GameBoard.swift */ = {isa = PBXFileReference; lastKnownFileType = sourcecode.swift; path = GameBoard.swift; sourceTree = "<group>"; };
		0BFEDBF62ECA728D008154E4 /* GridLayout.swift */ = {isa = PBXFileReference; lastKnownFileType = sourcecode.swift; path = GridLayout.swift; sourceTree = "<group>"; };
		0BFEDBF82ECA729C008154E4 /* GridRenderer.swift */ = {isa = PBXFileReference; lastKnownFileType = sourcecode.swift; path = GridRenderer.swift; sourceTree = "<group>"; };
		0BFEDBFA2ECA72AC008154E4 /* MarkRenderer.swift */ = {isa = PBXFileReference; lastKnownFileType = sourcecode.swift; path = MarkRenderer.swift; sourceTree = "<group>"; };
		0BFEDBFC2ECA72C7008154E4 /* WinningLineAnimator.swift */ = {isa = PBXFileReference; lastKnownFileType = sourcecode.swift; path = WinningLineAnimator.swift; sourceTree = "<group>"; };
		0BFEDBFE2ECA72E2008154E4 /* GameBoardTests.swift */ = {isa = PBXFileReference; lastKnownFileType = sourcecode.swift; path = GameBoardTests.swift; sourceTree = "<group>"; };
		0BFEDC102ECA9755008154E4 /* tictactoeTests.xctest */ = {isa = PBXFileReference; explicitFileType = wrapper.cfbundle; includeInIndex = 0; path = tictactoeTests.xctest; sourceTree = BUILT_PRODUCTS_DIR; };
/* End PBXFileReference section */

/* Begin PBXFileSystemSynchronizedBuildFileExceptionSet section */
		0BB1DFB92EB7C92C00B5F7ED /* Exceptions for "tictactoe Shared" folder in "tictactoe iOS" target */ = {
			isa = PBXFileSystemSynchronizedBuildFileExceptionSet;
			membershipExceptions = (
				Actions.sks,
				Assets.xcassets,
				GameCenterButton.swift,
				GameCenterStatusView.swift,
				GameKitManager.swift,
				GameScene.sks,
				GameScene.swift,
			);
			target = 0BB1DFA72EB7C92C00B5F7ED /* tictactoe iOS */;
		};
		0BFEDC1A2ECA975C008154E4 /* Exceptions for "tictactoe Shared" folder in "tictactoeTests" target */ = {
			isa = PBXFileSystemSynchronizedBuildFileExceptionSet;
			membershipExceptions = (
				GameBoardTests.swift,
			);
			target = 0BFEDC0F2ECA9755008154E4 /* tictactoeTests */;
		};
/* End PBXFileSystemSynchronizedBuildFileExceptionSet section */

/* Begin PBXFileSystemSynchronizedRootGroup section */
		0BB1DF9F2EB7C92B00B5F7ED /* tictactoe Shared */ = {
			isa = PBXFileSystemSynchronizedRootGroup;
			exceptions = (
				0BB1DFB92EB7C92C00B5F7ED /* Exceptions for "tictactoe Shared" folder in "tictactoe iOS" target */,
				0BFEDC1A2ECA975C008154E4 /* Exceptions for "tictactoe Shared" folder in "tictactoeTests" target */,
			);
			path = "tictactoe Shared";
			sourceTree = "<group>";
		};
		0BB1DFAA2EB7C92C00B5F7ED /* tictactoe iOS */ = {
			isa = PBXFileSystemSynchronizedRootGroup;
			path = "tictactoe iOS";
			sourceTree = "<group>";
		};
		0BFEDC112ECA9755008154E4 /* tictactoeTests */ = {
			isa = PBXFileSystemSynchronizedRootGroup;
			path = tictactoeTests;
			sourceTree = "<group>";
		};
/* End PBXFileSystemSynchronizedRootGroup section */

/* Begin PBXFrameworksBuildPhase section */
		0BB1DFA52EB7C92C00B5F7ED /* Frameworks */ = {
			isa = PBXFrameworksBuildPhase;
			buildActionMask = 2147483647;
			files = (
			);
			runOnlyForDeploymentPostprocessing = 0;
		};
		0BFEDC0D2ECA9755008154E4 /* Frameworks */ = {
			isa = PBXFrameworksBuildPhase;
			buildActionMask = 2147483647;
			files = (
			);
			runOnlyForDeploymentPostprocessing = 0;
		};
/* End PBXFrameworksBuildPhase section */

/* Begin PBXGroup section */
		0BB1DF9A2EB7C92A00B5F7ED = {
			isa = PBXGroup;
			children = (
				0BB1DF9F2EB7C92B00B5F7ED /* tictactoe Shared */,
				0BB1DFAA2EB7C92C00B5F7ED /* tictactoe iOS */,
				0BFEDC112ECA9755008154E4 /* tictactoeTests */,
				0BB1DFA92EB7C92C00B5F7ED /* Products */,
				0B1653532EC170840010E409 /* SoundManager.swift */,
				0B1653552EC170AD0010E409 /* SoundSettingsView.swift */,
				0B1653592EC170EB0010E409 /* generate_sounds.sh */,
				0B16535D2EC171210010E409 /* SoundQuickReference.swift */,
				0BFEDBF42ECA727F008154E4 /* GameBoard.swift */,
				0BFEDBF62ECA728D008154E4 /* GridLayout.swift */,
				0BFEDBF82ECA729C008154E4 /* GridRenderer.swift */,
				0BFEDBFA2ECA72AC008154E4 /* MarkRenderer.swift */,
				0BFEDBFC2ECA72C7008154E4 /* WinningLineAnimator.swift */,
				0BFEDBFE2ECA72E2008154E4 /* GameBoardTests.swift */,
			);
			sourceTree = "<group>";
		};
		0BB1DFA92EB7C92C00B5F7ED /* Products */ = {
			isa = PBXGroup;
			children = (
				0BB1DFA82EB7C92C00B5F7ED /* tictactoe.app */,
				0BFEDC102ECA9755008154E4 /* tictactoeTests.xctest */,
			);
			name = Products;
			sourceTree = "<group>";
		};
/* End PBXGroup section */

/* Begin PBXNativeTarget section */
		0BB1DFA72EB7C92C00B5F7ED /* tictactoe iOS */ = {
			isa = PBXNativeTarget;
			buildConfigurationList = 0BB1DFBA2EB7C92C00B5F7ED /* Build configuration list for PBXNativeTarget "tictactoe iOS" */;
			buildPhases = (
				0BB1DFA42EB7C92C00B5F7ED /* Sources */,
				0BB1DFA52EB7C92C00B5F7ED /* Frameworks */,
				0BB1DFA62EB7C92C00B5F7ED /* Resources */,
			);
			buildRules = (
			);
			dependencies = (
			);
			fileSystemSynchronizedGroups = (
				0BB1DFAA2EB7C92C00B5F7ED /* tictactoe iOS */,
			);
			name = "tictactoe iOS";
			packageProductDependencies = (
			);
			productName = "tictactoe iOS";
			productReference = 0BB1DFA82EB7C92C00B5F7ED /* tictactoe.app */;
			productType = "com.apple.product-type.application";
		};
		0BFEDC0F2ECA9755008154E4 /* tictactoeTests */ = {
			isa = PBXNativeTarget;
			buildConfigurationList = 0BFEDC182ECA9757008154E4 /* Build configuration list for PBXNativeTarget "tictactoeTests" */;
			buildPhases = (
				0BFEDC0C2ECA9755008154E4 /* Sources */,
				0BFEDC0D2ECA9755008154E4 /* Frameworks */,
				0BFEDC0E2ECA9755008154E4 /* Resources */,
			);
			buildRules = (
			);
			dependencies = (
				0BFEDC152ECA9755008154E4 /* PBXTargetDependency */,
			);
			fileSystemSynchronizedGroups = (
				0BFEDC112ECA9755008154E4 /* tictactoeTests */,
			);
			name = tictactoeTests;
			packageProductDependencies = (
			);
			productName = tictactoeTests;
			productReference = 0BFEDC102ECA9755008154E4 /* tictactoeTests.xctest */;
			productType = "com.apple.product-type.bundle.unit-test";
		};
/* End PBXNativeTarget section */

/* Begin PBXProject section */
		0BB1DF9B2EB7C92A00B5F7ED /* Project object */ = {
			isa = PBXProject;
			attributes = {
				BuildIndependentTargetsInParallel = 1;
				LastSwiftUpdateCheck = 2610;
				LastUpgradeCheck = 2620;
				TargetAttributes = {
					0BB1DFA72EB7C92C00B5F7ED = {
						CreatedOnToolsVersion = 26.1;
					};
					0BFEDC0F2ECA9755008154E4 = {
						CreatedOnToolsVersion = 26.1.1;
						TestTargetID = 0BB1DFA72EB7C92C00B5F7ED;
					};
				};
			};
			buildConfigurationList = 0BB1DF9E2EB7C92A00B5F7ED /* Build configuration list for PBXProject "tictactoe" */;
			developmentRegion = en;
			hasScannedForEncodings = 0;
			knownRegions = (
				en,
				Base,
			);
			mainGroup = 0BB1DF9A2EB7C92A00B5F7ED;
			minimizedProjectReferenceProxies = 1;
			preferredProjectObjectVersion = 77;
			productRefGroup = 0BB1DFA92EB7C92C00B5F7ED /* Products */;
			projectDirPath = "";
			projectRoot = "";
			targets = (
				0BB1DFA72EB7C92C00B5F7ED /* tictactoe iOS */,
				0BFEDC0F2ECA9755008154E4 /* tictactoeTests */,
			);
		};
/* End PBXProject section */

/* Begin PBXResourcesBuildPhase section */
		0BB1DFA62EB7C92C00B5F7ED /* Resources */ = {
			isa = PBXResourcesBuildPhase;
			buildActionMask = 2147483647;
			files = (
				0B16535A2EC170EB0010E409 /* generate_sounds.sh in Resources */,
			);
			runOnlyForDeploymentPostprocessing = 0;
		};
		0BFEDC0E2ECA9755008154E4 /* Resources */ = {
			isa = PBXResourcesBuildPhase;
			buildActionMask = 2147483647;
			files = (
			);
			runOnlyForDeploymentPostprocessing = 0;
		};
/* End PBXResourcesBuildPhase section */

/* Begin PBXSourcesBuildPhase section */
		0BB1DFA42EB7C92C00B5F7ED /* Sources */ = {
			isa = PBXSourcesBuildPhase;
			buildActionMask = 2147483647;
			files = (
				0BFEDBFB2ECA72AC008154E4 /* MarkRenderer.swift in Sources */,
				0BFEDBFD2ECA72C7008154E4 /* WinningLineAnimator.swift in Sources */,
				0B16535E2EC171210010E409 /* SoundQuickReference.swift in Sources */,
				0BFEDBF72ECA728D008154E4 /* GridLayout.swift in Sources */,
				0BFEDBF92ECA729C008154E4 /* GridRenderer.swift in Sources */,
				0BFEDBF52ECA727F008154E4 /* GameBoard.swift in Sources */,
				0B1653542EC170840010E409 /* SoundManager.swift in Sources */,
				0B1653562EC170AD0010E409 /* SoundSettingsView.swift in Sources */,
			);
			runOnlyForDeploymentPostprocessing = 0;
		};
		0BFEDC0C2ECA9755008154E4 /* Sources */ = {
			isa = PBXSourcesBuildPhase;
			buildActionMask = 2147483647;
			files = (
				0BFEDC1B2ECA976E008154E4 /* GameBoardTests.swift in Sources */,
			);
			runOnlyForDeploymentPostprocessing = 0;
		};
/* End PBXSourcesBuildPhase section */

/* Begin PBXTargetDependency section */
		0BFEDC152ECA9755008154E4 /* PBXTargetDependency */ = {
			isa = PBXTargetDependency;
			target = 0BB1DFA72EB7C92C00B5F7ED /* tictactoe iOS */;
			targetProxy = 0BFEDC142ECA9755008154E4 /* PBXContainerItemProxy */;
		};
/* End PBXTargetDependency section */

/* Begin XCBuildConfiguration section */
		0BB1DFBB2EB7C92C00B5F7ED /* Debug */ = {
			isa = XCBuildConfiguration;
			buildSettings = {
				ASSETCATALOG_COMPILER_APPICON_NAME = AppIcon;
				ASSETCATALOG_COMPILER_GLOBAL_ACCENT_COLOR_NAME = AccentColor;
				CODE_SIGN_STYLE = Automatic;
				CURRENT_PROJECT_VERSION = 1;
				DEVELOPMENT_TEAM = 9L45FNA7XM;
				GENERATE_INFOPLIST_FILE = YES;
				INFOPLIST_KEY_UIApplicationSupportsIndirectInputEvents = YES;
				INFOPLIST_KEY_UILaunchStoryboardName = LaunchScreen;
				INFOPLIST_KEY_UIMainStoryboardFile = Main;
				INFOPLIST_KEY_UIStatusBarHidden = YES;
				INFOPLIST_KEY_UISupportedInterfaceOrientations_iPad = "UIInterfaceOrientationPortrait UIInterfaceOrientationPortraitUpsideDown UIInterfaceOrientationLandscapeLeft UIInterfaceOrientationLandscapeRight";
				INFOPLIST_KEY_UISupportedInterfaceOrientations_iPhone = "UIInterfaceOrientationPortrait UIInterfaceOrientationLandscapeLeft UIInterfaceOrientationLandscapeRight";
				IPHONEOS_DEPLOYMENT_TARGET = 17.0;
				LD_RUNPATH_SEARCH_PATHS = (
					"$(inherited)",
					"@executable_path/Frameworks",
				);
				MARKETING_VERSION = 1.0;
				PRODUCT_BUNDLE_IDENTIFIER = com.cascadiacollections.swifttictactoe;
				PRODUCT_NAME = tictactoe;
				SDKROOT = iphoneos;
				STRING_CATALOG_GENERATE_SYMBOLS = YES;
				SWIFT_APPROACHABLE_CONCURRENCY = YES;
				SWIFT_DEFAULT_ACTOR_ISOLATION = MainActor;
				SWIFT_EMIT_LOC_STRINGS = YES;
				SWIFT_UPCOMING_FEATURE_MEMBER_IMPORT_VISIBILITY = YES;
				SWIFT_VERSION = 5.0;
				TARGETED_DEVICE_FAMILY = "1,2";
			};
			name = Debug;
		};
		0BB1DFBC2EB7C92C00B5F7ED /* Release */ = {
			isa = XCBuildConfiguration;
			buildSettings = {
				ASSETCATALOG_COMPILER_APPICON_NAME = AppIcon;
				ASSETCATALOG_COMPILER_GLOBAL_ACCENT_COLOR_NAME = AccentColor;
				CODE_SIGN_STYLE = Automatic;
				CURRENT_PROJECT_VERSION = 1;
				DEVELOPMENT_TEAM = 9L45FNA7XM;
				GENERATE_INFOPLIST_FILE = YES;
				INFOPLIST_KEY_UIApplicationSupportsIndirectInputEvents = YES;
				INFOPLIST_KEY_UILaunchStoryboardName = LaunchScreen;
				INFOPLIST_KEY_UIMainStoryboardFile = Main;
				INFOPLIST_KEY_UIStatusBarHidden = YES;
				INFOPLIST_KEY_UISupportedInterfaceOrientations_iPad = "UIInterfaceOrientationPortrait UIInterfaceOrientationPortraitUpsideDown UIInterfaceOrientationLandscapeLeft UIInterfaceOrientationLandscapeRight";
				INFOPLIST_KEY_UISupportedInterfaceOrientations_iPhone = "UIInterfaceOrientationPortrait UIInterfaceOrientationLandscapeLeft UIInterfaceOrientationLandscapeRight";
				IPHONEOS_DEPLOYMENT_TARGET = 17.0;
				LD_RUNPATH_SEARCH_PATHS = (
					"$(inherited)",
					"@executable_path/Frameworks",
				);
				MARKETING_VERSION = 1.0;
				PRODUCT_BUNDLE_IDENTIFIER = com.cascadiacollections.swifttictactoe;
				PRODUCT_NAME = tictactoe;
				SDKROOT = iphoneos;
				STRING_CATALOG_GENERATE_SYMBOLS = YES;
				SWIFT_APPROACHABLE_CONCURRENCY = YES;
				SWIFT_DEFAULT_ACTOR_ISOLATION = MainActor;
				SWIFT_EMIT_LOC_STRINGS = YES;
				SWIFT_UPCOMING_FEATURE_MEMBER_IMPORT_VISIBILITY = YES;
				SWIFT_VERSION = 5.0;
				TARGETED_DEVICE_FAMILY = "1,2";
				VALIDATE_PRODUCT = YES;
			};
			name = Release;
		};
		0BB1DFBD2EB7C92C00B5F7ED /* Debug */ = {
			isa = XCBuildConfiguration;
			buildSettings = {
				ALWAYS_SEARCH_USER_PATHS = NO;
				ASSETCATALOG_COMPILER_GENERATE_SWIFT_ASSET_SYMBOL_EXTENSIONS = YES;
				CLANG_ANALYZER_NONNULL = YES;
				CLANG_ANALYZER_NUMBER_OBJECT_CONVERSION = YES_AGGRESSIVE;
				CLANG_CXX_LANGUAGE_STANDARD = "gnu++20";
				CLANG_ENABLE_MODULES = YES;
				CLANG_ENABLE_OBJC_ARC = YES;
				CLANG_ENABLE_OBJC_WEAK = YES;
				CLANG_WARN_BLOCK_CAPTURE_AUTORELEASING = YES;
				CLANG_WARN_BOOL_CONVERSION = YES;
				CLANG_WARN_COMMA = YES;
				CLANG_WARN_CONSTANT_CONVERSION = YES;
				CLANG_WARN_DEPRECATED_OBJC_IMPLEMENTATIONS = YES;
				CLANG_WARN_DIRECT_OBJC_ISA_USAGE = YES_ERROR;
				CLANG_WARN_DOCUMENTATION_COMMENTS = YES;
				CLANG_WARN_EMPTY_BODY = YES;
				CLANG_WARN_ENUM_CONVERSION = YES;
				CLANG_WARN_INFINITE_RECURSION = YES;
				CLANG_WARN_INT_CONVERSION = YES;
				CLANG_WARN_NON_LITERAL_NULL_CONVERSION = YES;
				CLANG_WARN_OBJC_IMPLICIT_RETAIN_SELF = YES;
				CLANG_WARN_OBJC_LITERAL_CONVERSION = YES;
				CLANG_WARN_OBJC_ROOT_CLASS = YES_ERROR;
				CLANG_WARN_QUOTED_INCLUDE_IN_FRAMEWORK_HEADER = YES;
				CLANG_WARN_RANGE_LOOP_ANALYSIS = YES;
				CLANG_WARN_STRICT_PROTOTYPES = YES;
				CLANG_WARN_SUSPICIOUS_MOVE = YES;
				CLANG_WARN_UNGUARDED_AVAILABILITY = YES_AGGRESSIVE;
				CLANG_WARN_UNREACHABLE_CODE = YES;
				CLANG_WARN__DUPLICATE_METHOD_MATCH = YES;
				COPY_PHASE_STRIP = NO;
				DEAD_CODE_STRIPPING = YES;
				DEBUG_INFORMATION_FORMAT = dwarf;
				DEVELOPMENT_TEAM = 9L45FNA7XM;
				ENABLE_STRICT_OBJC_MSGSEND = YES;
				ENABLE_TESTABILITY = YES;
				ENABLE_USER_SCRIPT_SANDBOXING = YES;
				GCC_C_LANGUAGE_STANDARD = gnu17;
				GCC_DYNAMIC_NO_PIC = NO;
				GCC_NO_COMMON_BLOCKS = YES;
				GCC_OPTIMIZATION_LEVEL = 0;
				GCC_PREPROCESSOR_DEFINITIONS = (
					"DEBUG=1",
					"$(inherited)",
				);
				GCC_WARN_64_TO_32_BIT_CONVERSION = YES;
				GCC_WARN_ABOUT_RETURN_TYPE = YES_ERROR;
				GCC_WARN_UNDECLARED_SELECTOR = YES;
				GCC_WARN_UNINITIALIZED_AUTOS = YES_AGGRESSIVE;
				GCC_WARN_UNUSED_FUNCTION = YES;
				GCC_WARN_UNUSED_VARIABLE = YES;
				LOCALIZATION_PREFERS_STRING_CATALOGS = YES;
				MTL_ENABLE_DEBUG_INFO = INCLUDE_SOURCE;
				MTL_FAST_MATH = YES;
				ONLY_ACTIVE_ARCH = YES;
				STRING_CATALOG_GENERATE_SYMBOLS = YES;
				SWIFT_ACTIVE_COMPILATION_CONDITIONS = "DEBUG $(inherited)";
				SWIFT_OPTIMIZATION_LEVEL = "-Onone";
			};
			name = Debug;
		};
		0BB1DFBE2EB7C92C00B5F7ED /* Release */ = {
			isa = XCBuildConfiguration;
			buildSettings = {
				ALWAYS_SEARCH_USER_PATHS = NO;
				ASSETCATALOG_COMPILER_GENERATE_SWIFT_ASSET_SYMBOL_EXTENSIONS = YES;
				CLANG_ANALYZER_NONNULL = YES;
				CLANG_ANALYZER_NUMBER_OBJECT_CONVERSION = YES_AGGRESSIVE;
				CLANG_CXX_LANGUAGE_STANDARD = "gnu++20";
				CLANG_ENABLE_MODULES = YES;
				CLANG_ENABLE_OBJC_ARC = YES;
				CLANG_ENABLE_OBJC_WEAK = YES;
				CLANG_WARN_BLOCK_CAPTURE_AUTORELEASING = YES;
				CLANG_WARN_BOOL_CONVERSION = YES;
				CLANG_WARN_COMMA = YES;
				CLANG_WARN_CONSTANT_CONVERSION = YES;
				CLANG_WARN_DEPRECATED_OBJC_IMPLEMENTATIONS = YES;
				CLANG_WARN_DIRECT_OBJC_ISA_USAGE = YES_ERROR;
				CLANG_WARN_DOCUMENTATION_COMMENTS = YES;
				CLANG_WARN_EMPTY_BODY = YES;
				CLANG_WARN_ENUM_CONVERSION = YES;
				CLANG_WARN_INFINITE_RECURSION = YES;
				CLANG_WARN_INT_CONVERSION = YES;
				CLANG_WARN_NON_LITERAL_NULL_CONVERSION = YES;
				CLANG_WARN_OBJC_IMPLICIT_RETAIN_SELF = YES;
				CLANG_WARN_OBJC_LITERAL_CONVERSION = YES;
				CLANG_WARN_OBJC_ROOT_CLASS = YES_ERROR;
				CLANG_WARN_QUOTED_INCLUDE_IN_FRAMEWORK_HEADER = YES;
				CLANG_WARN_RANGE_LOOP_ANALYSIS = YES;
				CLANG_WARN_STRICT_PROTOTYPES = YES;
				CLANG_WARN_SUSPICIOUS_MOVE = YES;
				CLANG_WARN_UNGUARDED_AVAILABILITY = YES_AGGRESSIVE;
				CLANG_WARN_UNREACHABLE_CODE = YES;
				CLANG_WARN__DUPLICATE_METHOD_MATCH = YES;
				COPY_PHASE_STRIP = NO;
				DEAD_CODE_STRIPPING = YES;
				DEBUG_INFORMATION_FORMAT = "dwarf-with-dsym";
				DEVELOPMENT_TEAM = 9L45FNA7XM;
				ENABLE_NS_ASSERTIONS = NO;
				ENABLE_STRICT_OBJC_MSGSEND = YES;
				ENABLE_USER_SCRIPT_SANDBOXING = YES;
				GCC_C_LANGUAGE_STANDARD = gnu17;
				GCC_NO_COMMON_BLOCKS = YES;
				GCC_WARN_64_TO_32_BIT_CONVERSION = YES;
				GCC_WARN_ABOUT_RETURN_TYPE = YES_ERROR;
				GCC_WARN_UNDECLARED_SELECTOR = YES;
				GCC_WARN_UNINITIALIZED_AUTOS = YES_AGGRESSIVE;
				GCC_WARN_UNUSED_FUNCTION = YES;
				GCC_WARN_UNUSED_VARIABLE = YES;
				LOCALIZATION_PREFERS_STRING_CATALOGS = YES;
				MTL_ENABLE_DEBUG_INFO = NO;
				MTL_FAST_MATH = YES;
				STRING_CATALOG_GENERATE_SYMBOLS = YES;
				SWIFT_COMPILATION_MODE = wholemodule;
			};
			name = Release;
		};
		0BFEDC162ECA9755008154E4 /* Debug */ = {
			isa = XCBuildConfiguration;
			buildSettings = {
				BUNDLE_LOADER = "$(TEST_HOST)";
				CODE_SIGN_STYLE = Automatic;
				CURRENT_PROJECT_VERSION = 1;
				DEVELOPMENT_TEAM = 9L45FNA7XM;
				GENERATE_INFOPLIST_FILE = YES;
				IPHONEOS_DEPLOYMENT_TARGET = 17.0;
				MARKETING_VERSION = 1.0;
				PRODUCT_BUNDLE_IDENTIFIER = com.cascadiacollections.tictactoeTests;
				PRODUCT_NAME = "$(TARGET_NAME)";
				SDKROOT = iphoneos;
				STRING_CATALOG_GENERATE_SYMBOLS = NO;
				SWIFT_APPROACHABLE_CONCURRENCY = YES;
				SWIFT_EMIT_LOC_STRINGS = NO;
				SWIFT_UPCOMING_FEATURE_MEMBER_IMPORT_VISIBILITY = YES;
				SWIFT_VERSION = 5.0;
				TARGETED_DEVICE_FAMILY = "1,2";
				TEST_HOST = "$(BUILT_PRODUCTS_DIR)/tictactoe.app/$(BUNDLE_EXECUTABLE_FOLDER_PATH)/tictactoe";
			};
			name = Debug;
		};
		0BFEDC172ECA9755008154E4 /* Release */ = {
			isa = XCBuildConfiguration;
			buildSettings = {
				BUNDLE_LOADER = "$(TEST_HOST)";
				CODE_SIGN_STYLE = Automatic;
				CURRENT_PROJECT_VERSION = 1;
				DEVELOPMENT_TEAM = 9L45FNA7XM;
				GENERATE_INFOPLIST_FILE = YES;
				IPHONEOS_DEPLOYMENT_TARGET = 17.0;
				MARKETING_VERSION = 1.0;
				PRODUCT_BUNDLE_IDENTIFIER = com.cascadiacollections.tictactoeTests;
				PRODUCT_NAME = "$(TARGET_NAME)";
				SDKROOT = iphoneos;
				STRING_CATALOG_GENERATE_SYMBOLS = NO;
				SWIFT_APPROACHABLE_CONCURRENCY = YES;
				SWIFT_EMIT_LOC_STRINGS = NO;
				SWIFT_UPCOMING_FEATURE_MEMBER_IMPORT_VISIBILITY = YES;
				SWIFT_VERSION = 5.0;
				TARGETED_DEVICE_FAMILY = "1,2";
				TEST_HOST = "$(BUILT_PRODUCTS_DIR)/tictactoe.app/$(BUNDLE_EXECUTABLE_FOLDER_PATH)/tictactoe";
				VALIDATE_PRODUCT = YES;
			};
			name = Release;
		};
/* End XCBuildConfiguration section */

/* Begin XCConfigurationList section */
		0BB1DF9E2EB7C92A00B5F7ED /* Build configuration list for PBXProject "tictactoe" */ = {
			isa = XCConfigurationList;
			buildConfigurations = (
				0BB1DFBD2EB7C92C00B5F7ED /* Debug */,
				0BB1DFBE2EB7C92C00B5F7ED /* Release */,
			);
			defaultConfigurationIsVisible = 0;
			defaultConfigurationName = Release;
		};
		0BB1DFBA2EB7C92C00B5F7ED /* Build configuration list for PBXNativeTarget "tictactoe iOS" */ = {
			isa = XCConfigurationList;
			buildConfigurations = (
				0BB1DFBB2EB7C92C00B5F7ED /* Debug */,
				0BB1DFBC2EB7C92C00B5F7ED /* Release */,
			);
			defaultConfigurationIsVisible = 0;
			defaultConfigurationName = Release;
		};
		0BFEDC182ECA9757008154E4 /* Build configuration list for PBXNativeTarget "tictactoeTests" */ = {
			isa = XCConfigurationList;
			buildConfigurations = (
				0BFEDC162ECA9755008154E4 /* Debug */,
				0BFEDC172ECA9755008154E4 /* Release */,
			);
			defaultConfigurationIsVisible = 0;
			defaultConfigurationName = Release;
		};
/* End XCConfigurationList section */
	};
	rootObject = 0BB1DF9B2EB7C92A00B5F7ED /* Project object */;
}
